
Microsoft Visual Studio Solution File, Format Version 11.00
# Visual Studio 2010
Project("{2150E333-8FDC-42A3-9474-1A3956D46DE8}") = "BusinessLayer", "BusinessLayer", "{ABC7BCCA-ABD7-403B-82AF-6A90D7709D66}"
EndProject
Project("{2150E333-8FDC-42A3-9474-1A3956D46DE8}") = "CommonLayer", "CommonLayer", "{36CA02FF-5226-4383-B185-1478849A901C}"
EndProject
Project("{2150E333-8FDC-42A3-9474-1A3956D46DE8}") = "PersistenceLayer", "PersistenceLayer", "{E3655308-0BFD-4A48-884C-20AEDC3D102B}"
EndProject
Project("{2150E333-8FDC-42A3-9474-1A3956D46DE8}") = "UILayer", "UILayer", "{2F901B47-52BB-4651-9193-1253DCF05428}"
EndProject
Project("{FAE04EC0-301F-11D3-BF4B-00C04F79EFBC}") = "IndicInfo.ExceptionHandling", "IndicInfo.ExceptionHandling\IndicInfo.ExceptionHandling.csproj", "{FF0D50F0-6503-4B08-BE53-86F1A72368DC}"
EndProject
Project("{FAE04EC0-301F-11D3-BF4B-00C04F79EFBC}") = "IndicInfo.Logging", "IndicInfo.Logging\IndicInfo.Logging.csproj", "{63C573C5-D25B-4F21-9BF4-36F99D4B5E5A}"
EndProject
Project("{FAE04EC0-301F-11D3-BF4B-00C04F79EFBC}") = "IndicInfo.Mapper", "IndicInfo.Mapper\IndicInfo.Mapper.csproj", "{9BD32869-4D87-4F2E-8D92-B10702FDD474}"
EndProject
Project("{FAE04EC0-301F-11D3-BF4B-00C04F79EFBC}") = "IndicInfo.PersistenceLayer", "IndicInfo.PersistenceLayer\IndicInfo.PersistenceLayer.csproj", "{9B88689D-2ADA-46CF-BCA2-9CAEE4BB0DF9}"
EndProject
Project("{FAE04EC0-301F-11D3-BF4B-00C04F79EFBC}") = "IndicInfo.PersistenceLayer.EF", "IndicInfo.PersistenceLayer.EF\IndicInfo.PersistenceLayer.EF.csproj", "{37F9412A-B9CF-456A-8223-07EB158B6236}"
EndProject
Project("{FAE04EC0-301F-11D3-BF4B-00C04F79EFBC}") = "IndicInfo.UnityContainer", "IndicInfo.UnityContainer\IndicInfo.UnityContainer.csproj", "{00A314EF-32E5-4A4E-9CCD-30D00DEE63EC}"
EndProject
Project("{FAE04EC0-301F-11D3-BF4B-00C04F79EFBC}") = "IndicInfo.UnityContainerExtension", "IndicInfo.UnityContainerExtension\IndicInfo.UnityContainerExtension.csproj", "{4740D148-E59F-493D-842D-36BCB1C2E327}"
EndProject
Global
	GlobalSection(SolutionConfigurationPlatforms) = preSolution
		Debug|Any CPU = Debug|Any CPU
		Release|Any CPU = Release|Any CPU
	EndGlobalSection
	GlobalSection(ProjectConfigurationPlatforms) = postSolution
		{FF0D50F0-6503-4B08-BE53-86F1A72368DC}.Debug|Any CPU.ActiveCfg = Debug|Any CPU
		{FF0D50F0-6503-4B08-BE53-86F1A72368DC}.Debug|Any CPU.Build.0 = Debug|Any CPU
		{FF0D50F0-6503-4B08-BE53-86F1A72368DC}.Release|Any CPU.ActiveCfg = Release|Any CPU
		{FF0D50F0-6503-4B08-BE53-86F1A72368DC}.Release|Any CPU.Build.0 = Release|Any CPU
		{63C573C5-D25B-4F21-9BF4-36F99D4B5E5A}.Debug|Any CPU.ActiveCfg = Debug|Any CPU
		{63C573C5-D25B-4F21-9BF4-36F99D4B5E5A}.Debug|Any CPU.Build.0 = Debug|Any CPU
		{63C573C5-D25B-4F21-9BF4-36F99D4B5E5A}.Release|Any CPU.ActiveCfg = Release|Any CPU
		{63C573C5-D25B-4F21-9BF4-36F99D4B5E5A}.Release|Any CPU.Build.0 = Release|Any CPU
		{9BD32869-4D87-4F2E-8D92-B10702FDD474}.Debug|Any CPU.ActiveCfg = Debug|Any CPU
		{9BD32869-4D87-4F2E-8D92-B10702FDD474}.Debug|Any CPU.Build.0 = Debug|Any CPU
		{9BD32869-4D87-4F2E-8D92-B10702FDD474}.Release|Any CPU.ActiveCfg = Release|Any CPU
		{9BD32869-4D87-4F2E-8D92-B10702FDD474}.Release|Any CPU.Build.0 = Release|Any CPU
		{9B88689D-2ADA-46CF-BCA2-9CAEE4BB0DF9}.Debug|Any CPU.ActiveCfg = Debug|Any CPU
		{9B88689D-2ADA-46CF-BCA2-9CAEE4BB0DF9}.Debug|Any CPU.Build.0 = Debug|Any CPU
		{9B88689D-2ADA-46CF-BCA2-9CAEE4BB0DF9}.Release|Any CPU.ActiveCfg = Release|Any CPU
		{9B88689D-2ADA-46CF-BCA2-9CAEE4BB0DF9}.Release|Any CPU.Build.0 = Release|Any CPU
		{37F9412A-B9CF-456A-8223-07EB158B6236}.Debug|Any CPU.ActiveCfg = Debug|Any CPU
		{37F9412A-B9CF-456A-8223-07EB158B6236}.Debug|Any CPU.Build.0 = Debug|Any CPU
		{37F9412A-B9CF-456A-8223-07EB158B6236}.Release|Any CPU.ActiveCfg = Release|Any CPU
		{37F9412A-B9CF-456A-8223-07EB158B6236}.Release|Any CPU.Build.0 = Release|Any CPU
		{00A314EF-32E5-4A4E-9CCD-30D00DEE63EC}.Debug|Any CPU.ActiveCfg = Debug|Any CPU
		{00A314EF-32E5-4A4E-9CCD-30D00DEE63EC}.Debug|Any CPU.Build.0 = Debug|Any CPU
		{00A314EF-32E5-4A4E-9CCD-30D00DEE63EC}.Release|Any CPU.ActiveCfg = Release|Any CPU
		{00A314EF-32E5-4A4E-9CCD-30D00DEE63EC}.Release|Any CPU.Build.0 = Release|Any CPU
		{4740D148-E59F-493D-842D-36BCB1C2E327}.Debug|Any CPU.ActiveCfg = Debug|Any CPU
		{4740D148-E59F-493D-842D-36BCB1C2E327}.Debug|Any CPU.Build.0 = Debug|Any CPU
		{4740D148-E59F-493D-842D-36BCB1C2E327}.Release|Any CPU.ActiveCfg = Release|Any CPU
		{4740D148-E59F-493D-842D-36BCB1C2E327}.Release|Any CPU.Build.0 = Release|Any CPU
	EndGlobalSection
	GlobalSection(SolutionProperties) = preSolution
		HideSolutionNode = FALSE
	EndGlobalSection
	GlobalSection(NestedProjects) = preSolution
		{FF0D50F0-6503-4B08-BE53-86F1A72368DC} = {36CA02FF-5226-4383-B185-1478849A901C}
		{63C573C5-D25B-4F21-9BF4-36F99D4B5E5A} = {36CA02FF-5226-4383-B185-1478849A901C}
		{9BD32869-4D87-4F2E-8D92-B10702FDD474} = {36CA02FF-5226-4383-B185-1478849A901C}
		{00A314EF-32E5-4A4E-9CCD-30D00DEE63EC} = {36CA02FF-5226-4383-B185-1478849A901C}
		{4740D148-E59F-493D-842D-36BCB1C2E327} = {36CA02FF-5226-4383-B185-1478849A901C}
		{9B88689D-2ADA-46CF-BCA2-9CAEE4BB0DF9} = {E3655308-0BFD-4A48-884C-20AEDC3D102B}
		{37F9412A-B9CF-456A-8223-07EB158B6236} = {E3655308-0BFD-4A48-884C-20AEDC3D102B}
	EndGlobalSection
EndGlobal
